
Microsoft Visual Studio Solution File, Format Version 12.00
# Visual Studio Version 16
VisualStudioVersion = 16.0.30621.155
MinimumVisualStudioVersion = 10.0.40219.1
Project("{9A19103F-16F7-4668-BE54-9A1E7A4F7556}") = "AzLeg.ConsoleUI", "AzLeg.ConsoleUI\AzLeg.ConsoleUI.csproj", "{4CB0F500-12B3-474D-B017-2CE3C8DAA3EA}"
EndProject
Project("{FAE04EC0-301F-11D3-BF4B-00C04F79EFBC}") = "AzLeg.Data", "AzLeg.Data\AzLeg.Data.csproj", "{D367B32B-358D-431C-8CC5-131F2EEA8339}"
EndProject
Global
	GlobalSection(SolutionConfigurationPlatforms) = preSolution
		Debug|Any CPU = Debug|Any CPU
		Release|Any CPU = Release|Any CPU
	EndGlobalSection
	GlobalSection(ProjectConfigurationPlatforms) = postSolution
		{4CB0F500-12B3-474D-B017-2CE3C8DAA3EA}.Debug|Any CPU.ActiveCfg = Debug|Any CPU
		{4CB0F500-12B3-474D-B017-2CE3C8DAA3EA}.Debug|Any CPU.Build.0 = Debug|Any CPU
		{4CB0F500-12B3-474D-B017-2CE3C8DAA3EA}.Release|Any CPU.ActiveCfg = Release|Any CPU
		{4CB0F500-12B3-474D-B017-2CE3C8DAA3EA}.Release|Any CPU.Build.0 = Release|Any CPU
		{D367B32B-358D-431C-8CC5-131F2EEA8339}.Debug|Any CPU.ActiveCfg = Debug|Any CPU
		{D367B32B-358D-431C-8CC5-131F2EEA8339}.Debug|Any CPU.Build.0 = Debug|Any CPU
		{D367B32B-358D-431C-8CC5-131F2EEA8339}.Release|Any CPU.ActiveCfg = Release|Any CPU
		{D367B32B-358D-431C-8CC5-131F2EEA8339}.Release|Any CPU.Build.0 = Release|Any CPU
	EndGlobalSection
	GlobalSection(SolutionProperties) = preSolution
		HideSolutionNode = FALSE
	EndGlobalSection
	GlobalSection(ExtensibilityGlobals) = postSolution
		SolutionGuid = {45A57C5E-00E4-4F60-9E28-59157BC24B19}
	EndGlobalSection
EndGlobal
